lockfileVersion: '9.0'

settings:
  autoInstallPeers: true
  excludeLinksFromLockfile: false

importers:

  .:
    devDependencies:
      '@types/node':
        specifier: 20.19.43
        version: 20.19.43
      typescript:
        specifier: 5.9.3
        version: 5.9.3

  apps/cli:
    dependencies:
      '@cutdown/contracts':
        specifier: workspace:*
        version: link:../../packages/contracts
      '@cutdown/renderer-core':
        specifier: workspace:*
        version: link:../../packages/renderer-core
      '@cutdown/workflow-local':
        specifier: workspace:*
        version: link:../../workflows/local
      '@opentelemetry/api':
        specifier: 1.9.1
        version: 1.9.1
      '@opentelemetry/core':
        specifier: 2.9.0
        version: 2.9.0(@opentelemetry/api@1.9.1)
      '@opentelemetry/resources':
        specifier: 2.9.0
        version: 2.9.0(@opentelemetry/api@1.9.1)
      '@opentelemetry/sdk-trace-node':
        specifier: 2.9.0
        version: 2.9.0(@opentelemetry/api@1.9.1)
      '@opentelemetry/semantic-conventions':
        specifier: 1.43.0
        version: 1.43.0
      json-schema-to-typescript:
        specifier: 15.0.4
        version: 15.0.4
      ulid:
        specifier: 3.0.2
        version: 3.0.2
      yaml:
        specifier: 2.9.0
        version: 2.9.0

  packages/contracts:
    dependencies:
      ajv:
        specifier: 8.20.0
        version: 8.20.0
      ajv-formats:
        specifier: 3.0.1
        version: 3.0.1(ajv@8.20.0)
      ulid:
        specifier: 3.0.2
        version: 3.0.2
    devDependencies:
      json-schema-to-typescript:
        specifier: 15.0.4
        version: 15.0.4

  packages/editorial:
    dependencies:
      '@cutdown/contracts':
        specifier: workspace:*
        version: link:../contracts
      '@cutdown/skill-runtime':
        specifier: workspace:*
        version: link:../skill-runtime

  packages/qa:
    dependencies:
      '@cutdown/contracts':
        specifier: workspace:*
        version: link:../contracts
      '@cutdown/editorial':
        specifier: workspace:*
        version: link:../editorial

  packages/renderer-core:
    dependencies:
      '@cutdown/contracts':
        specifier: workspace:*
        version: link:../contracts

  packages/skill-runtime:
    dependencies:
      '@cutdown/contracts':
        specifier: workspace:*
        version: link:../contracts
      ajv:
        specifier: 8.20.0
        version: 8.20.0
      ajv-formats:
        specifier: 3.0.1
        version: 3.0.1(ajv@8.20.0)
      ulid:
        specifier: 3.0.2
        version: 3.0.2

  packages/style:
    dependencies:
      '@cutdown/contracts':
        specifier: workspace:*
        version: link:../contracts
      yaml:
        specifier: 2.9.0
        version: 2.9.0

  skills/brief:
    dependencies:
      '@cutdown/contracts':
        specifier: workspace:*
        version: link:../../packages/contracts
      '@cutdown/skill-runtime':
        specifier: workspace:*
        version: link:../../packages/skill-runtime
      ulid:
        specifier: 3.0.2
        version: 3.0.2
      yaml:
        specifier: 2.9.0
        version: 2.9.0

  skills/ingest:
    dependencies:
      '@cutdown/contracts':
        specifier: workspace:*
        version: link:../../packages/contracts
      '@cutdown/renderer-core':
        specifier: workspace:*
        version: link:../../packages/renderer-core
      '@cutdown/skill-runtime':
        specifier: workspace:*
        version: link:../../packages/skill-runtime
      ulid:
        specifier: 3.0.2
        version: 3.0.2
      yaml:
        specifier: 2.9.0
        version: 2.9.0

  skills/plan:
    dependencies:
      '@cutdown/contracts':
        specifier: workspace:*
        version: link:../../packages/contracts
      '@cutdown/editorial':
        specifier: workspace:*
        version: link:../../packages/editorial
      '@cutdown/skill-runtime':
        specifier: workspace:*
        version: link:../../packages/skill-runtime
      ulid:
        specifier: 3.0.2
        version: 3.0.2
      yaml:
        specifier: 2.9.0
        version: 2.9.0

  skills/propose:
    dependencies:
      '@cutdown/contracts':
        specifier: workspace:*
        version: link:../../packages/contracts
      '@cutdown/editorial':
        specifier: workspace:*
        version: link:../../packages/editorial
      '@cutdown/skill-runtime':
        specifier: workspace:*
        version: link:../../packages/skill-runtime
      ulid:
        specifier: 3.0.2
        version: 3.0.2

  skills/validate:
    dependencies:
      '@cutdown/contracts':
        specifier: workspace:*
        version: link:../../packages/contracts
      '@cutdown/editorial':
        specifier: workspace:*
        version: link:../../packages/editorial
      '@cutdown/qa':
        specifier: workspace:*
        version: link:../../packages/qa
      '@cutdown/skill-runtime':
        specifier: workspace:*
        version: link:../../packages/skill-runtime
      yaml:
        specifier: 2.9.0
        version: 2.9.0

  workflows/local: {}

packages:

  '@apidevtools/json-schema-ref-parser@11.9.3':
    resolution: {integrity: sha512-60vepv88RwcJtSHrD6MjIL6Ta3SOYbgfnkHb+ppAVK+o9mXprRtulx7VlRl3lN3bbvysAfCS7WMVfhUYemB0IQ==}
    engines: {node: '>= 16'}

  '@jsdevtools/ono@7.1.3':
    resolution: {integrity: sha512-4JQNk+3mVzK3xh2rqd6RB4J46qUR19azEHBneZyTZM+c456qOrbbM/5xcR8huNCCcbVt7+UmizG6GuUvPvKUYg==}

  '@opentelemetry/api@1.9.1':
    resolution: {integrity: sha512-gLyJlPHPZYdAk1JENA9LeHejZe1Ti77/pTeFm/nMXmQH/HFZlcS/O2XJB+L8fkbrNSqhdtlvjBVjxwUYanNH5Q==}
    engines: {node: '>=8.0.0'}

  '@opentelemetry/context-async-hooks@2.9.0':
    resolution: {integrity: sha512-OQ0vzvbZBiUhjqLnUaoNfYmP8553Crr3aggB4y0ZUi815mZ7idpdJXQmoKdeBKJelYttoBlLSSHubmyw3wvX4w==}
    engines: {node: ^18.19.0 || >=20.6.0}
    peerDependencies:
      '@opentelemetry/api': '>=1.0.0 <1.10.0'

  '@opentelemetry/core@2.9.0':
    resolution: {integrity: sha512-m2nckMT80NnmjTYSPjJQObBJ+8dgkoajEOUbznL8AHZ3T3yHRk2P7gI1PhEBc1+lOnrYE9UWrWHqJDsmqjmNbw==}
    engines: {node: ^18.19.0 || >=20.6.0}
    peerDependencies:
      '@opentelemetry/api': '>=1.0.0 <1.10.0'

  '@opentelemetry/resources@2.9.0':
    resolution: {integrity: sha512-jyA5MBLQ+Dkl3+JsZkUoUvL7yHvU64kLsvpXKarWm6347Sl1t1bXFTFykUePNpT5WH5pm9a2Qtt03iIYQhZ1Fg==}
    engines: {node: ^18.19.0 || >=20.6.0}
    peerDependencies:
      '@opentelemetry/api': '>=1.3.0 <1.10.0'

  '@opentelemetry/sdk-trace-base@2.9.0':
    resolution: {integrity: sha512-cp9zmTl62R8PJrpvFcmc8N2JQU/xfa0S+61q511Nji+QxCfZ8Ifvg7H27G8cANe4crg4RTrWsVvanHiXjSp6ag==}
    engines: {node: ^18.19.0 || >=20.6.0}
    peerDependencies:
      '@opentelemetry/api': '>=1.3.0 <1.10.0'

  '@opentelemetry/sdk-trace-node@2.9.0':
    resolution: {integrity: sha512-ec9a7ps37huy5itYk0MalaZdSLlM6AXWp/FhtEjgMpp5leEGojBDvAl/UWttQnkMZOvFHKzRESn8TD3yKTF5nQ==}
    engines: {node: ^18.19.0 || >=20.6.0}
    peerDependencies:
      '@opentelemetry/api': '>=1.0.0 <1.10.0'

  '@opentelemetry/sdk-trace@2.9.0':
    resolution: {integrity: sha512-sGA19HvtrrSKYsseHphluH6j3p6Xa3fqc7c7y8f/7mYWejc1lyDFcpSdD1kYa50HCLUeEo4zA5bW0pniaPszuw==}
    engines: {node: ^18.19.0 || >=20.6.0}
    peerDependencies:
      '@opentelemetry/api': '>=1.3.0 <1.10.0'

  '@opentelemetry/semantic-conventions@1.43.0':
    resolution: {integrity: sha512-eSYWTm620tTk45EKSedaUL8MFYI8hW164hIXsgIHyxu3VobUB3fFCu5t0hQby6OoWRPsG1KkKUG2M5UadiLiVg==}
    engines: {node: '>=14'}

  '@types/json-schema@7.0.15':
    resolution: {integrity: sha512-5+fP8P8MFNC+AyZCDxrB2pkZFPGzqQWUzpSeuuVLvm8VMcorNYavBqoFcxK8bQz4Qsbn4oUEEem4wDLfcysGHA==}

  '@types/lodash@4.17.24':
    resolution: {integrity: sha512-gIW7lQLZbue7lRSWEFql49QJJWThrTFFeIMJdp3eH4tKoxm1OvEPg02rm4wCCSHS0cL3/Fizimb35b7k8atwsQ==}

  '@types/node@20.19.43':
    resolution: {integrity: sha512-6oYBAi5ikg4Pl+kGsoYtawUMBT2zZMCvPNF7pVLnHZfd1zf38DRiWn/gT01RYCdUqkv7Fhr+C9ot4/tb+2sVvA==}

  ajv-formats@3.0.1:
    resolution: {integrity: sha512-8iUql50EUR+uUcdRQ3HDqa6EVyo3docL8g5WJ3FNcWmu62IbkGUue/pEyLBW8VGKKucTPgqeks4fIU1DA4yowQ==}
    peerDependencies:
      ajv: ^8.0.0
    peerDependenciesMeta:
      ajv:
        optional: true

  ajv@8.20.0:
    resolution: {integrity: sha512-Thbli+OlOj+iMPYFBVBfJ3OmCAnaSyNn4M1vz9T6Gka5Jt9ba/HIR56joy65tY6kx/FCF5VXNB819Y7/GUrBGA==}

  argparse@2.0.1:
    resolution: {integrity: sha512-8+9WqebbFzpX9OR+Wa6O29asIogeRMzcGtAINdpMHHyAg10f05aSFVBbcEqGf/PXw1EjAZ+q2/bEBg3DvurK3Q==}

  fast-deep-equal@3.1.3:
    resolution: {integrity: sha512-f3qQ9oQy9j2AhBe/H9VC91wLmKBCCU/gDOnKNAYG5hswO7BLKj09Hc5HYNz9cGI++xlpDCIgDaitVs03ATR84Q==}

  fast-uri@3.1.4:
    resolution: {integrity: sha512-8JnbkQ4juDyvYs4mgFGQqg4yCYtFDtUtmp2QIQq11ZZe5CFQ5wcqm1rqDgAh/QdMySuBnPzMUiJUNZG5N/AiQw==}

  fdir@6.5.0:
    resolution: {integrity: sha512-tIbYtZbucOs0BRGqPJkshJUYdL+SDH7dVM8gjy+ERp3WAUjLEFJE+02kanyHtwjWOnwrKYBiwAmM0p4kLJAnXg==}
    engines: {node: '>=12.0.0'}
    peerDependencies:
      picomatch: ^3 || ^4
    peerDependenciesMeta:
      picomatch:
        optional: true

  is-extglob@2.1.1:
    resolution: {integrity: sha512-SbKbANkN603Vi4jEZv49LeVJMn4yGwsbzZworEoyEiutsN3nJYdbO36zfhGJ6QEDpOZIFkDtnq5JRxmvl3jsoQ==}
    engines: {node: '>=0.10.0'}

  is-glob@4.0.3:
    resolution: {integrity: sha512-xelSayHH36ZgE7ZWhli7pW34hNbNl8Ojv5KVmkJD4hBdD3th8Tfk9vYasLM+mXWOZhFkgZfxhLSnrwRr4elSSg==}
    engines: {node: '>=0.10.0'}

  js-yaml@4.3.0:
    resolution: {integrity: sha512-1td788aAnnZ5qs7V2QIRl1owjtYpbKt749Y3xauqQgwIIGF/xXWz1wMTEBx5O3LK3lXLVuqXPdPxj2BoFHaW9Q==}
    hasBin: true

  json-schema-to-typescript@15.0.4:
    resolution: {integrity: sha512-Su9oK8DR4xCmDsLlyvadkXzX6+GGXJpbhwoLtOGArAG61dvbW4YQmSEno2y66ahpIdmLMg6YUf/QHLgiwvkrHQ==}
    engines: {node: '>=16.0.0'}
    hasBin: true

  json-schema-traverse@1.0.0:
    resolution: {integrity: sha512-NM8/P9n3XjXhIZn1lLhkFaACTOURQXjWhV4BA/RnOv8xvgqtqpAX9IO4mRQxSx1Rlo4tqzeqb0sOlruaOy3dug==}

  lodash@4.18.1:
    resolution: {integrity: sha512-dMInicTPVE8d1e5otfwmmjlxkZoUpiVLwyeTdUsi/Caj/gfzzblBcCE5sRHV/AsjuCmxWrte2TNGSYuCeCq+0Q==}

  minimist@1.2.8:
    resolution: {integrity: sha512-2yyAR8qBkN3YuheJanUpWC5U3bb5osDywNB8RzDVlDwDHbocAJveqqj1u8+SVD7jkWT4yvsHCpWqqWqAxb0zCA==}

  picomatch@4.0.5:
    resolution: {integrity: sha512-RvwwcruNjI1ncT5xRakeyS9Lf8lcItv34KD+aif+VH9kduAyfYBipGh12274xtenIPZ119/R9BdTBa8gAwSh0A==}
    engines: {node: '>=12'}

  prettier@3.9.5:
    resolution: {integrity: sha512-/FVl766LpUfB5vXgCYOYa0MeV/441Ia99AeICQIQFTY/Nw0roZwULcXpku5i1/m5kt/baz+s4Zogspd839HSMg==}
    engines: {node: '>=14'}
    hasBin: true

  require-from-string@2.0.2:
    resolution: {integrity: sha512-Xf0nWe6RseziFMu+Ap9biiUbmplq6S9/p+7w7YXP/JBHhrUDDUhwa+vANyubuqfZWTveU//DYVGsDG7RKL/vEw==}
    engines: {node: '>=0.10.0'}

  tinyglobby@0.2.17:
    resolution: {integrity: sha512-wXR/dYpcqKmfWpEdZjiKJOwCNFndD0DMnrW/cYjVGttEkBfVgcLFHoNrlj47mjOVic9yyNu65alsgF4NQyTa2g==}
    engines: {node: '>=12.0.0'}

  typescript@5.9.3:
    resolution: {integrity: sha512-jl1vZzPDinLr9eUt3J/t7V6FgNEw9QjvBPdysz9KfQDD41fQrC2Y4vKQdiaUpFT4bXlb1RHhLpp8wtm6M5TgSw==}
    engines: {node: '>=14.17'}
    hasBin: true

  ulid@3.0.2:
    resolution: {integrity: sha512-yu26mwteFYzBAot7KVMqFGCVpsF6g8wXfJzQUHvu1no3+rRRSFcSV2nKeYvNPLD2J4b08jYBDhHUjeH0ygIl9w==}
    hasBin: true

  undici-types@6.21.0:
    resolution: {integrity: sha512-iwDZqg0QAGrg9Rav5H4n0M64c3mkR59cJ6wQp+7C4nI0gsmExaedaYLNO44eT4AtBBwjbTiGPMlt2Md0T9H9JQ==}

  yaml@2.9.0:
    resolution: {integrity: sha512-2AvhNX3mb8zd6Zy7INTtSpl1F15HW6Wnqj0srWlkKLcpYl/gMIMJiyuGq2KeI2YFxUPjdlB+3Lc10seMLtL4cA==}
    engines: {node: '>= 14.6'}
    hasBin: true

snapshots:

  '@apidevtools/json-schema-ref-parser@11.9.3':
    dependencies:
      '@jsdevtools/ono': 7.1.3
      '@types/json-schema': 7.0.15
      js-yaml: 4.3.0

  '@jsdevtools/ono@7.1.3': {}

  '@opentelemetry/api@1.9.1': {}

  '@opentelemetry/context-async-hooks@2.9.0(@opentelemetry/api@1.9.1)':
    dependencies:
      '@opentelemetry/api': 1.9.1

  '@opentelemetry/core@2.9.0(@opentelemetry/api@1.9.1)':
    dependencies:
      '@opentelemetry/api': 1.9.1
      '@opentelemetry/semantic-conventions': 1.43.0

  '@opentelemetry/resources@2.9.0(@opentelemetry/api@1.9.1)':
    dependencies:
      '@opentelemetry/api': 1.9.1
      '@opentelemetry/core': 2.9.0(@opentelemetry/api@1.9.1)
      '@opentelemetry/semantic-conventions': 1.43.0

  '@opentelemetry/sdk-trace-base@2.9.0(@opentelemetry/api@1.9.1)':
    dependencies:
      '@opentelemetry/api': 1.9.1
      '@opentelemetry/core': 2.9.0(@opentelemetry/api@1.9.1)
      '@opentelemetry/resources': 2.9.0(@opentelemetry/api@1.9.1)
      '@opentelemetry/sdk-trace': 2.9.0(@opentelemetry/api@1.9.1)
      '@opentelemetry/semantic-conventions': 1.43.0

  '@opentelemetry/sdk-trace-node@2.9.0(@opentelemetry/api@1.9.1)':
    dependencies:
      '@opentelemetry/api': 1.9.1
      '@opentelemetry/context-async-hooks': 2.9.0(@opentelemetry/api@1.9.1)
      '@opentelemetry/core': 2.9.0(@opentelemetry/api@1.9.1)
      '@opentelemetry/sdk-trace-base': 2.9.0(@opentelemetry/api@1.9.1)

  '@opentelemetry/sdk-trace@2.9.0(@opentelemetry/api@1.9.1)':
    dependencies:
      '@opentelemetry/api': 1.9.1
      '@opentelemetry/core': 2.9.0(@opentelemetry/api@1.9.1)
      '@opentelemetry/resources': 2.9.0(@opentelemetry/api@1.9.1)
      '@opentelemetry/semantic-conventions': 1.43.0

  '@opentelemetry/semantic-conventions@1.43.0': {}

  '@types/json-schema@7.0.15': {}

  '@types/lodash@4.17.24': {}

  '@types/node@20.19.43':
    dependencies:
      undici-types: 6.21.0

  ajv-formats@3.0.1(ajv@8.20.0):
    optionalDependencies:
      ajv: 8.20.0

  ajv@8.20.0:
    dependencies:
      fast-deep-equal: 3.1.3
      fast-uri: 3.1.4
      json-schema-traverse: 1.0.0
      require-from-string: 2.0.2

  argparse@2.0.1: {}

  fast-deep-equal@3.1.3: {}

  fast-uri@3.1.4: {}

  fdir@6.5.0(picomatch@4.0.5):
    optionalDependencies:
      picomatch: 4.0.5

  is-extglob@2.1.1: {}

  is-glob@4.0.3:
    dependencies:
      is-extglob: 2.1.1

  js-yaml@4.3.0:
    dependencies:
      argparse: 2.0.1

  json-schema-to-typescript@15.0.4:
    dependencies:
      '@apidevtools/json-schema-ref-parser': 11.9.3
      '@types/json-schema': 7.0.15
      '@types/lodash': 4.17.24
      is-glob: 4.0.3
      js-yaml: 4.3.0
      lodash: 4.18.1
      minimist: 1.2.8
      prettier: 3.9.5
      tinyglobby: 0.2.17

  json-schema-traverse@1.0.0: {}

  lodash@4.18.1: {}

  minimist@1.2.8: {}

  picomatch@4.0.5: {}

  prettier@3.9.5: {}

  require-from-string@2.0.2: {}

  tinyglobby@0.2.17:
    dependencies:
      fdir: 6.5.0(picomatch@4.0.5)
      picomatch: 4.0.5

  typescript@5.9.3: {}

  ulid@3.0.2: {}

  undici-types@6.21.0: {}

  yaml@2.9.0: {}
